
Microsoft Visual Studio Solution File, Format Version 12.00
Project("{FAE04EC0-301F-11D3-BF4B-00C04F79EFBC}") = "MCServerNotifier", "MCServerNotifier\MCServerNotifier.csproj", "{08827D6C-13D0-494F-8D7B-0B2282D9EBD1}"
EndProject
Project("{FAE04EC0-301F-11D3-BF4B-00C04F79EFBC}") = "MCQueryLib", "MCQueryLib\MCQueryLib.csproj", "{72C2A849-0AFD-480E-B727-EFE41EE588A0}"
EndProject
Global
	GlobalSection(SolutionConfigurationPlatforms) = preSolution
		Debug|Any CPU = Debug|Any CPU
		Release|Any CPU = Release|Any CPU
	EndGlobalSection
	GlobalSection(ProjectConfigurationPlatforms) = postSolution
		{08827D6C-13D0-494F-8D7B-0B2282D9EBD1}.Debug|Any CPU.ActiveCfg = Debug|Any CPU
		{08827D6C-13D0-494F-8D7B-0B2282D9EBD1}.Debug|Any CPU.Build.0 = Debug|Any CPU
		{08827D6C-13D0-494F-8D7B-0B2282D9EBD1}.Release|Any CPU.ActiveCfg = Release|Any CPU
		{08827D6C-13D0-494F-8D7B-0B2282D9EBD1}.Release|Any CPU.Build.0 = Release|Any CPU
		{72C2A849-0AFD-480E-B727-EFE41EE588A0}.Debug|Any CPU.ActiveCfg = Debug|Any CPU
		{72C2A849-0AFD-480E-B727-EFE41EE588A0}.Debug|Any CPU.Build.0 = Debug|Any CPU
		{72C2A849-0AFD-480E-B727-EFE41EE588A0}.Release|Any CPU.ActiveCfg = Release|Any CPU
		{72C2A849-0AFD-480E-B727-EFE41EE588A0}.Release|Any CPU.Build.0 = Release|Any CPU
	EndGlobalSection
EndGlobal
